
Microsoft Visual Studio Solution File, Format Version 12.00
# Visual Studio Version 17
VisualStudioVersion = 17.11.35208.52
MinimumVisualStudioVersion = 10.0.40219.1
Project("{9A19103F-16F7-4668-BE54-9A1E7A4F7556}") = "plus.minus", "src\plus.minus\plus.minus.csproj", "{FD7DF3E3-1E85-4920-B1FB-BE6F677B870D}"
EndProject
Global
	GlobalSection(SolutionConfigurationPlatforms) = preSolution
		Debug|Any CPU = Debug|Any CPU
		Release|Any CPU = Release|Any CPU
	EndGlobalSection
	GlobalSection(ProjectConfigurationPlatforms) = postSolution
		{FD7DF3E3-1E85-4920-B1FB-BE6F677B870D}.Debug|Any CPU.ActiveCfg = Debug|Any CPU
		{FD7DF3E3-1E85-4920-B1FB-BE6F677B870D}.Debug|Any CPU.Build.0 = Debug|Any CPU
		{FD7DF3E3-1E85-4920-B1FB-BE6F677B870D}.Release|Any CPU.ActiveCfg = Release|Any CPU
		{FD7DF3E3-1E85-4920-B1FB-BE6F677B870D}.Release|Any CPU.Build.0 = Release|Any CPU
	EndGlobalSection
	GlobalSection(SolutionProperties) = preSolution
		HideSolutionNode = FALSE
	EndGlobalSection
	GlobalSection(ExtensibilityGlobals) = postSolution
		SolutionGuid = {01E4024E-46F9-43D4-9906-C02CB244C98B}
	EndGlobalSection
EndGlobal
